
Microsoft Visual Studio Solution File, Format Version 12.00
# Visual Studio Version 17
VisualStudioVersion = 17.8.34330.188
MinimumVisualStudioVersion = 10.0.40219.1
Project("{FAE04EC0-301F-11D3-BF4B-00C04F79EFBC}") = "SerilogAPI", "SerilogAPI\SerilogAPI.csproj", "{210FD665-95DC-494A-AB56-7B6D8BC02BBC}"
EndProject
Global
	GlobalSection(SolutionConfigurationPlatforms) = preSolution
		Debug|Any CPU = Debug|Any CPU
		Release|Any CPU = Release|Any CPU
	EndGlobalSection
	GlobalSection(ProjectConfigurationPlatforms) = postSolution
		{210FD665-95DC-494A-AB56-7B6D8BC02BBC}.Debug|Any CPU.ActiveCfg = Debug|Any CPU
		{210FD665-95DC-494A-AB56-7B6D8BC02BBC}.Debug|Any CPU.Build.0 = Debug|Any CPU
		{210FD665-95DC-494A-AB56-7B6D8BC02BBC}.Release|Any CPU.ActiveCfg = Release|Any CPU
		{210FD665-95DC-494A-AB56-7B6D8BC02BBC}.Release|Any CPU.Build.0 = Release|Any CPU
	EndGlobalSection
	GlobalSection(SolutionProperties) = preSolution
		HideSolutionNode = FALSE
	EndGlobalSection
	GlobalSection(ExtensibilityGlobals) = postSolution
		SolutionGuid = {8947627F-C8C2-4F96-AB0D-5F1354F110E5}
	EndGlobalSection
EndGlobal
